
Microsoft Visual Studio Solution File, Format Version 12.00
# Visual Studio 14
VisualStudioVersion = 14.0.22823.1
MinimumVisualStudioVersion = 10.0.40219.1
Project("{FAE04EC0-301F-11D3-BF4B-00C04F79EFBC}") = "Features", "Features\Features.Base.csproj", "{E41B2159-3773-4078-BFA8-7B91B75575EB}"
EndProject
Project("{FAE04EC0-301F-11D3-BF4B-00C04F79EFBC}") = "Features.Tests", "Features.Tests\Features.Tests.csproj", "{483756CE-6863-4137-B3A6-3BB03E123139}"
EndProject
Project("{FAE04EC0-301F-11D3-BF4B-00C04F79EFBC}") = "Features.NET35", "Features\Features.NET35.csproj", "{823AFDA4-2B42-4E5B-91D8-6B9A5F89B7A5}"
EndProject
Project("{FAE04EC0-301F-11D3-BF4B-00C04F79EFBC}") = "Features.NET40", "Features\Features.NET40.csproj", "{837E678E-287B-4896-8331-DA594E755099}"
EndProject
Project("{FAE04EC0-301F-11D3-BF4B-00C04F79EFBC}") = "Features.NET45", "Features\Features.NET45.csproj", "{682CEF1E-F582-4F05-A9DA-AA64F3A6F518}"
EndProject
Global
	GlobalSection(SolutionConfigurationPlatforms) = preSolution
		Debug|Any CPU = Debug|Any CPU
		Release|Any CPU = Release|Any CPU
	EndGlobalSection
	GlobalSection(ProjectConfigurationPlatforms) = postSolution
		{E41B2159-3773-4078-BFA8-7B91B75575EB}.Debug|Any CPU.ActiveCfg = Debug|Any CPU
		{E41B2159-3773-4078-BFA8-7B91B75575EB}.Debug|Any CPU.Build.0 = Debug|Any CPU
		{E41B2159-3773-4078-BFA8-7B91B75575EB}.Release|Any CPU.ActiveCfg = Release|Any CPU
		{E41B2159-3773-4078-BFA8-7B91B75575EB}.Release|Any CPU.Build.0 = Release|Any CPU
		{483756CE-6863-4137-B3A6-3BB03E123139}.Debug|Any CPU.ActiveCfg = Debug|Any CPU
		{483756CE-6863-4137-B3A6-3BB03E123139}.Debug|Any CPU.Build.0 = Debug|Any CPU
		{483756CE-6863-4137-B3A6-3BB03E123139}.Release|Any CPU.ActiveCfg = Release|Any CPU
		{483756CE-6863-4137-B3A6-3BB03E123139}.Release|Any CPU.Build.0 = Release|Any CPU
		{823AFDA4-2B42-4E5B-91D8-6B9A5F89B7A5}.Debug|Any CPU.ActiveCfg = Debug|Any CPU
		{823AFDA4-2B42-4E5B-91D8-6B9A5F89B7A5}.Debug|Any CPU.Build.0 = Debug|Any CPU
		{823AFDA4-2B42-4E5B-91D8-6B9A5F89B7A5}.Release|Any CPU.ActiveCfg = Release|Any CPU
		{823AFDA4-2B42-4E5B-91D8-6B9A5F89B7A5}.Release|Any CPU.Build.0 = Release|Any CPU
		{837E678E-287B-4896-8331-DA594E755099}.Debug|Any CPU.ActiveCfg = Debug|Any CPU
		{837E678E-287B-4896-8331-DA594E755099}.Debug|Any CPU.Build.0 = Debug|Any CPU
		{837E678E-287B-4896-8331-DA594E755099}.Release|Any CPU.ActiveCfg = Release|Any CPU
		{837E678E-287B-4896-8331-DA594E755099}.Release|Any CPU.Build.0 = Release|Any CPU
		{682CEF1E-F582-4F05-A9DA-AA64F3A6F518}.Debug|Any CPU.ActiveCfg = Debug|Any CPU
		{682CEF1E-F582-4F05-A9DA-AA64F3A6F518}.Debug|Any CPU.Build.0 = Debug|Any CPU
		{682CEF1E-F582-4F05-A9DA-AA64F3A6F518}.Release|Any CPU.ActiveCfg = Release|Any CPU
		{682CEF1E-F582-4F05-A9DA-AA64F3A6F518}.Release|Any CPU.Build.0 = Release|Any CPU
	EndGlobalSection
	GlobalSection(SolutionProperties) = preSolution
		HideSolutionNode = FALSE
	EndGlobalSection
EndGlobal
